
Microsoft Visual Studio Solution File, Format Version 12.00
# Visual Studio Version 17
VisualStudioVersion = 17.0.31903.59
MinimumVisualStudioVersion = 10.0.40219.1
Project("{9A19103F-16F7-4668-BE54-9A1E7A4F7556}") = "3DES", "3DES\3DES.csproj", "{3A83F667-73A8-4E33-B018-7FE5F6CE8430}"
EndProject
Project("{FAE04EC0-301F-11D3-BF4B-00C04F79EFBC}") = "AES", "AES\AES.csproj", "{25C336F5-DE0B-41EA-8746-43BF6BC1FE9F}"
EndProject
Global
	GlobalSection(SolutionConfigurationPlatforms) = preSolution
		Debug|Any CPU = Debug|Any CPU
		Release|Any CPU = Release|Any CPU
	EndGlobalSection
	GlobalSection(ProjectConfigurationPlatforms) = postSolution
		{3A83F667-73A8-4E33-B018-7FE5F6CE8430}.Debug|Any CPU.ActiveCfg = Debug|Any CPU
		{3A83F667-73A8-4E33-B018-7FE5F6CE8430}.Debug|Any CPU.Build.0 = Debug|Any CPU
		{3A83F667-73A8-4E33-B018-7FE5F6CE8430}.Release|Any CPU.ActiveCfg = Release|Any CPU
		{3A83F667-73A8-4E33-B018-7FE5F6CE8430}.Release|Any CPU.Build.0 = Release|Any CPU
		{25C336F5-DE0B-41EA-8746-43BF6BC1FE9F}.Debug|Any CPU.ActiveCfg = Debug|Any CPU
		{25C336F5-DE0B-41EA-8746-43BF6BC1FE9F}.Debug|Any CPU.Build.0 = Debug|Any CPU
		{25C336F5-DE0B-41EA-8746-43BF6BC1FE9F}.Release|Any CPU.ActiveCfg = Release|Any CPU
		{25C336F5-DE0B-41EA-8746-43BF6BC1FE9F}.Release|Any CPU.Build.0 = Release|Any CPU
	EndGlobalSection
	GlobalSection(SolutionProperties) = preSolution
		HideSolutionNode = FALSE
	EndGlobalSection
	GlobalSection(ExtensibilityGlobals) = postSolution
		SolutionGuid = {8FED2CA6-7D1B-49C7-BB42-87888C6F2E73}
	EndGlobalSection
EndGlobal
